
Microsoft Visual Studio Solution File, Format Version 12.00
# Visual Studio 15
VisualStudioVersion = 15.0.27703.2035
MinimumVisualStudioVersion = 10.0.40219.1
Project("{FAE04EC0-301F-11D3-BF4B-00C04F79EFBC}") = "CSPracticeGraph", "CSPracticeGraph\CSPracticeGraph.csproj", "{ACE8D85E-6523-4655-A650-7493E0F023DC}"
EndProject
Project("{FAE04EC0-301F-11D3-BF4B-00C04F79EFBC}") = "UnitTesting", "UnitTesting\UnitTesting.csproj", "{9D013D3E-BABE-484A-A1F2-016497711CE5}"
EndProject
Global
	GlobalSection(SolutionConfigurationPlatforms) = preSolution
		Debug|Any CPU = Debug|Any CPU
		Release|Any CPU = Release|Any CPU
	EndGlobalSection
	GlobalSection(ProjectConfigurationPlatforms) = postSolution
		{ACE8D85E-6523-4655-A650-7493E0F023DC}.Debug|Any CPU.ActiveCfg = Debug|Any CPU
		{ACE8D85E-6523-4655-A650-7493E0F023DC}.Debug|Any CPU.Build.0 = Debug|Any CPU
		{ACE8D85E-6523-4655-A650-7493E0F023DC}.Release|Any CPU.ActiveCfg = Release|Any CPU
		{ACE8D85E-6523-4655-A650-7493E0F023DC}.Release|Any CPU.Build.0 = Release|Any CPU
		{9D013D3E-BABE-484A-A1F2-016497711CE5}.Debug|Any CPU.ActiveCfg = Debug|Any CPU
		{9D013D3E-BABE-484A-A1F2-016497711CE5}.Debug|Any CPU.Build.0 = Debug|Any CPU
		{9D013D3E-BABE-484A-A1F2-016497711CE5}.Release|Any CPU.ActiveCfg = Release|Any CPU
		{9D013D3E-BABE-484A-A1F2-016497711CE5}.Release|Any CPU.Build.0 = Release|Any CPU
	EndGlobalSection
	GlobalSection(SolutionProperties) = preSolution
		HideSolutionNode = FALSE
	EndGlobalSection
	GlobalSection(ExtensibilityGlobals) = postSolution
		SolutionGuid = {A3904312-532E-47CE-BD32-D6E269C3FF08}
	EndGlobalSection
EndGlobal
